<?xml version="1.0" encoding="utf-8"?>
<Project ToolsVersion="4.0" xmlns="http://schemas.microsoft.com/developer/msbuild/2003">
  <ItemGroup>
    <Filter Include="win32">
      <UniqueIdentifier>{84a8ebd7-7cf0-47f6-b75e-d441df67da40}</UniqueIdentifier>
    </Filter>
    <Filter Include="resource">
      <UniqueIdentifier>{715254bc-d70b-4ec5-bf29-467dd3ace079}</UniqueIdentifier>
    </Filter>
    <Filter Include="src">
      <UniqueIdentifier>{bb6c862e-70e9-49d9-81b7-3829a6f50471}</UniqueIdentifier>
    </Filter>
  </ItemGroup>
  <ItemGroup>
    <ClCompile Include="main.cpp">
      <Filter>win32</Filter>
    </ClCompile>
    <ClCompile Include="..\Classes\AppDelegate.cpp">
      <Filter>src</Filter>
    </ClCompile>
    <ClCompile Include="..\Classes\HelloWorldScene.cpp">
      <Filter>src</Filter>
    </ClCompile>
    <ClCompile Include="..\classes\TMenu.cpp">
      <Filter>src</Filter>
    </ClCompile>
    <ClCompile Include="..\classes\T01CPP11.cpp">
      <Filter>src</Filter>
    </ClCompile>
    <ClCompile Include="..\classes\T02Vector.cpp">
      <Filter>src</Filter>
    </ClCompile>
    <ClCompile Include="..\classes\TBack.cpp">
      <Filter>src</Filter>
    </ClCompile>
    <ClCompile Include="..\classes\T03Map.cpp">
      <Filter>src</Filter>
    </ClCompile>
    <ClCompile Include="..\classes\T04Label.cpp">
      <Filter>src</Filter>
    </ClCompile>
    <ClCompile Include="..\classes\T05Touch.cpp">
      <Filter>src</Filter>
    </ClCompile>
    <ClCompile Include="..\classes\T06Box2D.cpp">
      <Filter>src</Filter>
    </ClCompile>
    <ClCompile Include="..\classes\T07PhysicsWorld.cpp" />
  </ItemGroup>
  <ItemGroup>
    <ClInclude Include="main.h">
      <Filter>win32</Filter>
    </ClInclude>
    <ClInclude Include="..\Classes\AppDelegate.h">
      <Filter>src</Filter>
    </ClInclude>
    <ClInclude Include="..\Classes\HelloWorldScene.h">
      <Filter>src</Filter>
    </ClInclude>
    <ClInclude Include="..\classes\TMenu.h">
      <Filter>src</Filter>
    </ClInclude>
    <ClInclude Include="..\Classes\TCommon.h">
      <Filter>src</Filter>
    </ClInclude>
    <ClInclude Include="..\classes\TBack.h">
      <Filter>src</Filter>
    </ClInclude>
    <ClInclude Include="..\classes\T01CPP11.h">
      <Filter>src</Filter>
    </ClInclude>
    <ClInclude Include="..\classes\T02Vector.h">
      <Filter>src</Filter>
    </ClInclude>
    <ClInclude Include="..\classes\T03Map.h">
      <Filter>src</Filter>
    </ClInclude>
    <ClInclude Include="..\classes\T04Label.h">
      <Filter>src</Filter>
    </ClInclude>
    <ClInclude Include="..\classes\T06Box2D.h">
      <Filter>src</Filter>
    </ClInclude>
    <ClInclude Include="..\classes\T05Touch.h">
      <Filter>src</Filter>
    </ClInclude>
    <ClInclude Include="..\classes\T07PhysicsWorld.h" />
  </ItemGroup>
  <ItemGroup>
    <ResourceCompile Include="game.rc">
      <Filter>resource</Filter>
    </ResourceCompile>
  </ItemGroup>
  <ItemGroup>
    <Xml Include="..\Resources\about.xml">
      <Filter>resource</Filter>
    </Xml>
  </ItemGroup>
</Project>